
Microsoft Visual Studio Solution File, Format Version 12.00
# Visual Studio 15
VisualStudioVersion = 15.0.26430.6
MinimumVisualStudioVersion = 10.0.40219.1
Project("{FAE04EC0-301F-11D3-BF4B-00C04F79EFBC}") = "decode2017_MW08", "decode2017_MW08\decode2017_MW08\decode2017_MW08.csproj", "{58577B2F-CD23-49BD-8472-B3311153E5EC}"
EndProject
Project("{FAE04EC0-301F-11D3-BF4B-00C04F79EFBC}") = "decode2017_MW08.Droid", "decode2017_MW08\decode2017_MW08.Droid\decode2017_MW08.Droid.csproj", "{36478378-02FA-417D-B085-B980C8FC2BCF}"
EndProject
Project("{FAE04EC0-301F-11D3-BF4B-00C04F79EFBC}") = "decode2017_MW08.iOS", "decode2017_MW08\decode2017_MW08.iOS\decode2017_MW08.iOS.csproj", "{9EE6B08F-2211-4E93-B17E-41ACA02C5F52}"
EndProject
Project("{FAE04EC0-301F-11D3-BF4B-00C04F79EFBC}") = "decode2017_MW08.UWP", "decode2017_MW08\decode2017_MW08.UWP\decode2017_MW08.UWP.csproj", "{60C9BBC7-68FA-4AEF-9742-5314C13C442E}"
EndProject
Project("{FAE04EC0-301F-11D3-BF4B-00C04F79EFBC}") = "AndroidBinding", "AndroidBinding\AndroidBinding.csproj", "{A6AE31D0-66ED-46D5-8A0A-23907C1F04DE}"
EndProject
Project("{FAE04EC0-301F-11D3-BF4B-00C04F79EFBC}") = "iOSBinding", "iOSBinding\iOSBinding.csproj", "{161A483A-F165-4843-AD94-C561DB18BE14}"
EndProject
Global
	GlobalSection(SolutionConfigurationPlatforms) = preSolution
		Ad-Hoc|Any CPU = Ad-Hoc|Any CPU
		Ad-Hoc|ARM = Ad-Hoc|ARM
		Ad-Hoc|iPhone = Ad-Hoc|iPhone
		Ad-Hoc|iPhoneSimulator = Ad-Hoc|iPhoneSimulator
		Ad-Hoc|x64 = Ad-Hoc|x64
		Ad-Hoc|x86 = Ad-Hoc|x86
		AppStore|Any CPU = AppStore|Any CPU
		AppStore|ARM = AppStore|ARM
		AppStore|iPhone = AppStore|iPhone
		AppStore|iPhoneSimulator = AppStore|iPhoneSimulator
		AppStore|x64 = AppStore|x64
		AppStore|x86 = AppStore|x86
		Debug|Any CPU = Debug|Any CPU
		Debug|ARM = Debug|ARM
		Debug|iPhone = Debug|iPhone
		Debug|iPhoneSimulator = Debug|iPhoneSimulator
		Debug|x64 = Debug|x64
		Debug|x86 = Debug|x86
		Release|Any CPU = Release|Any CPU
		Release|ARM = Release|ARM
		Release|iPhone = Release|iPhone
		Release|iPhoneSimulator = Release|iPhoneSimulator
		Release|x64 = Release|x64
		Release|x86 = Release|x86
	EndGlobalSection
	GlobalSection(ProjectConfigurationPlatforms) = postSolution
		{58577B2F-CD23-49BD-8472-B3311153E5EC}.Ad-Hoc|Any CPU.ActiveCfg = Release|Any CPU
		{58577B2F-CD23-49BD-8472-B3311153E5EC}.Ad-Hoc|Any CPU.Build.0 = Release|Any CPU
		{58577B2F-CD23-49BD-8472-B3311153E5EC}.Ad-Hoc|ARM.ActiveCfg = Release|Any CPU
		{58577B2F-CD23-49BD-8472-B3311153E5EC}.Ad-Hoc|ARM.Build.0 = Release|Any CPU
		{58577B2F-CD23-49BD-8472-B3311153E5EC}.Ad-Hoc|iPhone.ActiveCfg = Release|Any CPU
		{58577B2F-CD23-49BD-8472-B3311153E5EC}.Ad-Hoc|iPhone.Build.0 = Release|Any CPU
		{58577B2F-CD23-49BD-8472-B3311153E5EC}.Ad-Hoc|iPhoneSimulator.ActiveCfg = Release|Any CPU
		{58577B2F-CD23-49BD-8472-B3311153E5EC}.Ad-Hoc|iPhoneSimulator.Build.0 = Release|Any CPU
		{58577B2F-CD23-49BD-8472-B3311153E5EC}.Ad-Hoc|x64.ActiveCfg = Release|Any CPU
		{58577B2F-CD23-49BD-8472-B3311153E5EC}.Ad-Hoc|x64.Build.0 = Release|Any CPU
		{58577B2F-CD23-49BD-8472-B3311153E5EC}.Ad-Hoc|x86.ActiveCfg = Release|Any CPU
		{58577B2F-CD23-49BD-8472-B3311153E5EC}.Ad-Hoc|x86.Build.0 = Release|Any CPU
		{58577B2F-CD23-49BD-8472-B3311153E5EC}.AppStore|Any CPU.ActiveCfg = Release|Any CPU
		{58577B2F-CD23-49BD-8472-B3311153E5EC}.AppStore|Any CPU.Build.0 = Release|Any CPU
		{58577B2F-CD23-49BD-8472-B3311153E5EC}.AppStore|ARM.ActiveCfg = Release|Any CPU
		{58577B2F-CD23-49BD-8472-B3311153E5EC}.AppStore|ARM.Build.0 = Release|Any CPU
		{58577B2F-CD23-49BD-8472-B3311153E5EC}.AppStore|iPhone.ActiveCfg = Release|Any CPU
		{58577B2F-CD23-49BD-8472-B3311153E5EC}.AppStore|iPhone.Build.0 = Release|Any CPU
		{58577B2F-CD23-49BD-8472-B3311153E5EC}.AppStore|iPhoneSimulator.ActiveCfg = Release|Any CPU
		{58577B2F-CD23-49BD-8472-B3311153E5EC}.AppStore|iPhoneSimulator.Build.0 = Release|Any CPU
		{58577B2F-CD23-49BD-8472-B3311153E5EC}.AppStore|x64.ActiveCfg = Release|Any CPU
		{58577B2F-CD23-49BD-8472-B3311153E5EC}.AppStore|x64.Build.0 = Release|Any CPU
		{58577B2F-CD23-49BD-8472-B3311153E5EC}.AppStore|x86.ActiveCfg = Release|Any CPU
		{58577B2F-CD23-49BD-8472-B3311153E5EC}.AppStore|x86.Build.0 = Release|Any CPU
		{58577B2F-CD23-49BD-8472-B3311153E5EC}.Debug|Any CPU.ActiveCfg = Debug|Any CPU
		{58577B2F-CD23-49BD-8472-B3311153E5EC}.Debug|Any CPU.Build.0 = Debug|Any CPU
		{58577B2F-CD23-49BD-8472-B3311153E5EC}.Debug|ARM.ActiveCfg = Debug|Any CPU
		{58577B2F-CD23-49BD-8472-B3311153E5EC}.Debug|ARM.Build.0 = Debug|Any CPU
		{58577B2F-CD23-49BD-8472-B3311153E5EC}.Debug|iPhone.ActiveCfg = Debug|Any CPU
		{58577B2F-CD23-49BD-8472-B3311153E5EC}.Debug|iPhone.Build.0 = Debug|Any CPU
		{58577B2F-CD23-49BD-8472-B3311153E5EC}.Debug|iPhoneSimulator.ActiveCfg = Debug|Any CPU
		{58577B2F-CD23-49BD-8472-B3311153E5EC}.Debug|iPhoneSimulator.Build.0 = Debug|Any CPU
		{58577B2F-CD23-49BD-8472-B3311153E5EC}.Debug|x64.ActiveCfg = Debug|Any CPU
		{58577B2F-CD23-49BD-8472-B3311153E5EC}.Debug|x64.Build.0 = Debug|Any CPU
		{58577B2F-CD23-49BD-8472-B3311153E5EC}.Debug|x86.ActiveCfg = Debug|Any CPU
		{58577B2F-CD23-49BD-8472-B3311153E5EC}.Debug|x86.Build.0 = Debug|Any CPU
		{58577B2F-CD23-49BD-8472-B3311153E5EC}.Release|Any CPU.ActiveCfg = Release|Any CPU
		{58577B2F-CD23-49BD-8472-B3311153E5EC}.Release|Any CPU.Build.0 = Release|Any CPU
		{58577B2F-CD23-49BD-8472-B3311153E5EC}.Release|ARM.ActiveCfg = Release|Any CPU
		{58577B2F-CD23-49BD-8472-B3311153E5EC}.Release|ARM.Build.0 = Release|Any CPU
		{58577B2F-CD23-49BD-8472-B3311153E5EC}.Release|iPhone.ActiveCfg = Release|Any CPU
		{58577B2F-CD23-49BD-8472-B3311153E5EC}.Release|iPhone.Build.0 = Release|Any CPU
		{58577B2F-CD23-49BD-8472-B3311153E5EC}.Release|iPhoneSimulator.ActiveCfg = Release|Any CPU
		{58577B2F-CD23-49BD-8472-B3311153E5EC}.Release|iPhoneSimulator.Build.0 = Release|Any CPU
		{58577B2F-CD23-49BD-8472-B3311153E5EC}.Release|x64.ActiveCfg = Release|Any CPU
		{58577B2F-CD23-49BD-8472-B3311153E5EC}.Release|x64.Build.0 = Release|Any CPU
		{58577B2F-CD23-49BD-8472-B3311153E5EC}.Release|x86.ActiveCfg = Release|Any CPU
		{58577B2F-CD23-49BD-8472-B3311153E5EC}.Release|x86.Build.0 = Release|Any CPU
		{36478378-02FA-417D-B085-B980C8FC2BCF}.Ad-Hoc|Any CPU.ActiveCfg = Release|Any CPU
		{36478378-02FA-417D-B085-B980C8FC2BCF}.Ad-Hoc|Any CPU.Build.0 = Release|Any CPU
		{36478378-02FA-417D-B085-B980C8FC2BCF}.Ad-Hoc|Any CPU.Deploy.0 = Release|Any CPU
		{36478378-02FA-417D-B085-B980C8FC2BCF}.Ad-Hoc|ARM.ActiveCfg = Release|Any CPU
		{36478378-02FA-417D-B085-B980C8FC2BCF}.Ad-Hoc|ARM.Build.0 = Release|Any CPU
		{36478378-02FA-417D-B085-B980C8FC2BCF}.Ad-Hoc|ARM.Deploy.0 = Release|Any CPU
		{36478378-02FA-417D-B085-B980C8FC2BCF}.Ad-Hoc|iPhone.ActiveCfg = Release|Any CPU
		{36478378-02FA-417D-B085-B980C8FC2BCF}.Ad-Hoc|iPhone.Build.0 = Release|Any CPU
		{36478378-02FA-417D-B085-B980C8FC2BCF}.Ad-Hoc|iPhone.Deploy.0 = Release|Any CPU
		{36478378-02FA-417D-B085-B980C8FC2BCF}.Ad-Hoc|iPhoneSimulator.ActiveCfg = Release|Any CPU
		{36478378-02FA-417D-B085-B980C8FC2BCF}.Ad-Hoc|iPhoneSimulator.Build.0 = Release|Any CPU
		{36478378-02FA-417D-B085-B980C8FC2BCF}.Ad-Hoc|iPhoneSimulator.Deploy.0 = Release|Any CPU
		{36478378-02FA-417D-B085-B980C8FC2BCF}.Ad-Hoc|x64.ActiveCfg = Release|Any CPU
		{36478378-02FA-417D-B085-B980C8FC2BCF}.Ad-Hoc|x64.Build.0 = Release|Any CPU
		{36478378-02FA-417D-B085-B980C8FC2BCF}.Ad-Hoc|x64.Deploy.0 = Release|Any CPU
		{36478378-02FA-417D-B085-B980C8FC2BCF}.Ad-Hoc|x86.ActiveCfg = Release|Any CPU
		{36478378-02FA-417D-B085-B980C8FC2BCF}.Ad-Hoc|x86.Build.0 = Release|Any CPU
		{36478378-02FA-417D-B085-B980C8FC2BCF}.Ad-Hoc|x86.Deploy.0 = Release|Any CPU
		{36478378-02FA-417D-B085-B980C8FC2BCF}.AppStore|Any CPU.ActiveCfg = Release|Any CPU
		{36478378-02FA-417D-B085-B980C8FC2BCF}.AppStore|Any CPU.Build.0 = Release|Any CPU
		{36478378-02FA-417D-B085-B980C8FC2BCF}.AppStore|Any CPU.Deploy.0 = Release|Any CPU
		{36478378-02FA-417D-B085-B980C8FC2BCF}.AppStore|ARM.ActiveCfg = Release|Any CPU
		{36478378-02FA-417D-B085-B980C8FC2BCF}.AppStore|ARM.Build.0 = Release|Any CPU
		{36478378-02FA-417D-B085-B980C8FC2BCF}.AppStore|ARM.Deploy.0 = Release|Any CPU
		{36478378-02FA-417D-B085-B980C8FC2BCF}.AppStore|iPhone.ActiveCfg = Release|Any CPU
		{36478378-02FA-417D-B085-B980C8FC2BCF}.AppStore|iPhone.Build.0 = Release|Any CPU
		{36478378-02FA-417D-B085-B980C8FC2BCF}.AppStore|iPhone.Deploy.0 = Release|Any CPU
		{36478378-02FA-417D-B085-B980C8FC2BCF}.AppStore|iPhoneSimulator.ActiveCfg = Release|Any CPU
		{36478378-02FA-417D-B085-B980C8FC2BCF}.AppStore|iPhoneSimulator.Build.0 = Release|Any CPU
		{36478378-02FA-417D-B085-B980C8FC2BCF}.AppStore|iPhoneSimulator.Deploy.0 = Release|Any CPU
		{36478378-02FA-417D-B085-B980C8FC2BCF}.AppStore|x64.ActiveCfg = Release|Any CPU
		{36478378-02FA-417D-B085-B980C8FC2BCF}.AppStore|x64.Build.0 = Release|Any CPU
		{36478378-02FA-417D-B085-B980C8FC2BCF}.AppStore|x64.Deploy.0 = Release|Any CPU
		{36478378-02FA-417D-B085-B980C8FC2BCF}.AppStore|x86.ActiveCfg = Release|Any CPU
		{36478378-02FA-417D-B085-B980C8FC2BCF}.AppStore|x86.Build.0 = Release|Any CPU
		{36478378-02FA-417D-B085-B980C8FC2BCF}.AppStore|x86.Deploy.0 = Release|Any CPU
		{36478378-02FA-417D-B085-B980C8FC2BCF}.Debug|Any CPU.ActiveCfg = Debug|Any CPU
		{36478378-02FA-417D-B085-B980C8FC2BCF}.Debug|Any CPU.Build.0 = Debug|Any CPU
		{36478378-02FA-417D-B085-B980C8FC2BCF}.Debug|Any CPU.Deploy.0 = Debug|Any CPU
		{36478378-02FA-417D-B085-B980C8FC2BCF}.Debug|ARM.ActiveCfg = Debug|Any CPU
		{36478378-02FA-417D-B085-B980C8FC2BCF}.Debug|ARM.Build.0 = Debug|Any CPU
		{36478378-02FA-417D-B085-B980C8FC2BCF}.Debug|ARM.Deploy.0 = Debug|Any CPU
		{36478378-02FA-417D-B085-B980C8FC2BCF}.Debug|iPhone.ActiveCfg = Debug|Any CPU
		{36478378-02FA-417D-B085-B980C8FC2BCF}.Debug|iPhone.Build.0 = Debug|Any CPU
		{36478378-02FA-417D-B085-B980C8FC2BCF}.Debug|iPhone.Deploy.0 = Debug|Any CPU
		{36478378-02FA-417D-B085-B980C8FC2BCF}.Debug|iPhoneSimulator.ActiveCfg = Debug|Any CPU
		{36478378-02FA-417D-B085-B980C8FC2BCF}.Debug|iPhoneSimulator.Build.0 = Debug|Any CPU
		{36478378-02FA-417D-B085-B980C8FC2BCF}.Debug|iPhoneSimulator.Deploy.0 = Debug|Any CPU
		{36478378-02FA-417D-B085-B980C8FC2BCF}.Debug|x64.ActiveCfg = Debug|Any CPU
		{36478378-02FA-417D-B085-B980C8FC2BCF}.Debug|x64.Build.0 = Debug|Any CPU
		{36478378-02FA-417D-B085-B980C8FC2BCF}.Debug|x64.Deploy.0 = Debug|Any CPU
		{36478378-02FA-417D-B085-B980C8FC2BCF}.Debug|x86.ActiveCfg = Debug|Any CPU
		{36478378-02FA-417D-B085-B980C8FC2BCF}.Debug|x86.Build.0 = Debug|Any CPU
		{36478378-02FA-417D-B085-B980C8FC2BCF}.Debug|x86.Deploy.0 = Debug|Any CPU
		{36478378-02FA-417D-B085-B980C8FC2BCF}.Release|Any CPU.ActiveCfg = Release|Any CPU
		{36478378-02FA-417D-B085-B980C8FC2BCF}.Release|Any CPU.Build.0 = Release|Any CPU
		{36478378-02FA-417D-B085-B980C8FC2BCF}.Release|Any CPU.Deploy.0 = Release|Any CPU
		{36478378-02FA-417D-B085-B980C8FC2BCF}.Release|ARM.ActiveCfg = Release|Any CPU
		{36478378-02FA-417D-B085-B980C8FC2BCF}.Release|ARM.Build.0 = Release|Any CPU
		{36478378-02FA-417D-B085-B980C8FC2BCF}.Release|ARM.Deploy.0 = Release|Any CPU
		{36478378-02FA-417D-B085-B980C8FC2BCF}.Release|iPhone.ActiveCfg = Release|Any CPU
		{36478378-02FA-417D-B085-B980C8FC2BCF}.Release|iPhone.Build.0 = Release|Any CPU
		{36478378-02FA-417D-B085-B980C8FC2BCF}.Release|iPhone.Deploy.0 = Release|Any CPU
		{36478378-02FA-417D-B085-B980C8FC2BCF}.Release|iPhoneSimulator.ActiveCfg = Release|Any CPU
		{36478378-02FA-417D-B085-B980C8FC2BCF}.Release|iPhoneSimulator.Build.0 = Release|Any CPU
		{36478378-02FA-417D-B085-B980C8FC2BCF}.Release|iPhoneSimulator.Deploy.0 = Release|Any CPU
		{36478378-02FA-417D-B085-B980C8FC2BCF}.Release|x64.ActiveCfg = Release|Any CPU
		{36478378-02FA-417D-B085-B980C8FC2BCF}.Release|x64.Build.0 = Release|Any CPU
		{36478378-02FA-417D-B085-B980C8FC2BCF}.Release|x64.Deploy.0 = Release|Any CPU
		{36478378-02FA-417D-B085-B980C8FC2BCF}.Release|x86.ActiveCfg = Release|Any CPU
		{36478378-02FA-417D-B085-B980C8FC2BCF}.Release|x86.Build.0 = Release|Any CPU
		{36478378-02FA-417D-B085-B980C8FC2BCF}.Release|x86.Deploy.0 = Release|Any CPU
		{9EE6B08F-2211-4E93-B17E-41ACA02C5F52}.Ad-Hoc|Any CPU.ActiveCfg = Ad-Hoc|iPhone
		{9EE6B08F-2211-4E93-B17E-41ACA02C5F52}.Ad-Hoc|ARM.ActiveCfg = Ad-Hoc|iPhone
		{9EE6B08F-2211-4E93-B17E-41ACA02C5F52}.Ad-Hoc|iPhone.ActiveCfg = Ad-Hoc|iPhone
		{9EE6B08F-2211-4E93-B17E-41ACA02C5F52}.Ad-Hoc|iPhone.Build.0 = Ad-Hoc|iPhone
		{9EE6B08F-2211-4E93-B17E-41ACA02C5F52}.Ad-Hoc|iPhoneSimulator.ActiveCfg = Ad-Hoc|iPhoneSimulator
		{9EE6B08F-2211-4E93-B17E-41ACA02C5F52}.Ad-Hoc|iPhoneSimulator.Build.0 = Ad-Hoc|iPhoneSimulator
		{9EE6B08F-2211-4E93-B17E-41ACA02C5F52}.Ad-Hoc|x64.ActiveCfg = Ad-Hoc|iPhone
		{9EE6B08F-2211-4E93-B17E-41ACA02C5F52}.Ad-Hoc|x86.ActiveCfg = Ad-Hoc|iPhone
		{9EE6B08F-2211-4E93-B17E-41ACA02C5F52}.AppStore|Any CPU.ActiveCfg = AppStore|iPhone
		{9EE6B08F-2211-4E93-B17E-41ACA02C5F52}.AppStore|ARM.ActiveCfg = AppStore|iPhone
		{9EE6B08F-2211-4E93-B17E-41ACA02C5F52}.AppStore|iPhone.ActiveCfg = AppStore|iPhone
		{9EE6B08F-2211-4E93-B17E-41ACA02C5F52}.AppStore|iPhone.Build.0 = AppStore|iPhone
		{9EE6B08F-2211-4E93-B17E-41ACA02C5F52}.AppStore|iPhoneSimulator.ActiveCfg = AppStore|iPhoneSimulator
		{9EE6B08F-2211-4E93-B17E-41ACA02C5F52}.AppStore|iPhoneSimulator.Build.0 = AppStore|iPhoneSimulator
		{9EE6B08F-2211-4E93-B17E-41ACA02C5F52}.AppStore|x64.ActiveCfg = AppStore|iPhone
		{9EE6B08F-2211-4E93-B17E-41ACA02C5F52}.AppStore|x86.ActiveCfg = AppStore|iPhone
		{9EE6B08F-2211-4E93-B17E-41ACA02C5F52}.Debug|Any CPU.ActiveCfg = Debug|iPhone
		{9EE6B08F-2211-4E93-B17E-41ACA02C5F52}.Debug|ARM.ActiveCfg = Debug|iPhone
		{9EE6B08F-2211-4E93-B17E-41ACA02C5F52}.Debug|iPhone.ActiveCfg = Debug|iPhone
		{9EE6B08F-2211-4E93-B17E-41ACA02C5F52}.Debug|iPhone.Build.0 = Debug|iPhone
		{9EE6B08F-2211-4E93-B17E-41ACA02C5F52}.Debug|iPhoneSimulator.ActiveCfg = Debug|iPhoneSimulator
		{9EE6B08F-2211-4E93-B17E-41ACA02C5F52}.Debug|iPhoneSimulator.Build.0 = Debug|iPhoneSimulator
		{9EE6B08F-2211-4E93-B17E-41ACA02C5F52}.Debug|x64.ActiveCfg = Debug|iPhone
		{9EE6B08F-2211-4E93-B17E-41ACA02C5F52}.Debug|x86.ActiveCfg = Debug|iPhone
		{9EE6B08F-2211-4E93-B17E-41ACA02C5F52}.Release|Any CPU.ActiveCfg = Release|iPhone
		{9EE6B08F-2211-4E93-B17E-41ACA02C5F52}.Release|ARM.ActiveCfg = Release|iPhone
		{9EE6B08F-2211-4E93-B17E-41ACA02C5F52}.Release|iPhone.ActiveCfg = Release|iPhone
		{9EE6B08F-2211-4E93-B17E-41ACA02C5F52}.Release|iPhone.Build.0 = Release|iPhone
		{9EE6B08F-2211-4E93-B17E-41ACA02C5F52}.Release|iPhoneSimulator.ActiveCfg = Release|iPhoneSimulator
		{9EE6B08F-2211-4E93-B17E-41ACA02C5F52}.Release|iPhoneSimulator.Build.0 = Release|iPhoneSimulator
		{9EE6B08F-2211-4E93-B17E-41ACA02C5F52}.Release|x64.ActiveCfg = Release|iPhone
		{9EE6B08F-2211-4E93-B17E-41ACA02C5F52}.Release|x86.ActiveCfg = Release|iPhone
		{60C9BBC7-68FA-4AEF-9742-5314C13C442E}.Ad-Hoc|Any CPU.ActiveCfg = Release|x86
		{60C9BBC7-68FA-4AEF-9742-5314C13C442E}.Ad-Hoc|Any CPU.Build.0 = Release|x86
		{60C9BBC7-68FA-4AEF-9742-5314C13C442E}.Ad-Hoc|Any CPU.Deploy.0 = Release|x86
		{60C9BBC7-68FA-4AEF-9742-5314C13C442E}.Ad-Hoc|ARM.ActiveCfg = Release|ARM
		{60C9BBC7-68FA-4AEF-9742-5314C13C442E}.Ad-Hoc|ARM.Build.0 = Release|ARM
		{60C9BBC7-68FA-4AEF-9742-5314C13C442E}.Ad-Hoc|ARM.Deploy.0 = Release|ARM
		{60C9BBC7-68FA-4AEF-9742-5314C13C442E}.Ad-Hoc|iPhone.ActiveCfg = Release|x86
		{60C9BBC7-68FA-4AEF-9742-5314C13C442E}.Ad-Hoc|iPhone.Build.0 = Release|x86
		{60C9BBC7-68FA-4AEF-9742-5314C13C442E}.Ad-Hoc|iPhone.Deploy.0 = Release|x86
		{60C9BBC7-68FA-4AEF-9742-5314C13C442E}.Ad-Hoc|iPhoneSimulator.ActiveCfg = Release|x86
		{60C9BBC7-68FA-4AEF-9742-5314C13C442E}.Ad-Hoc|iPhoneSimulator.Build.0 = Release|x86
		{60C9BBC7-68FA-4AEF-9742-5314C13C442E}.Ad-Hoc|iPhoneSimulator.Deploy.0 = Release|x86
		{60C9BBC7-68FA-4AEF-9742-5314C13C442E}.Ad-Hoc|x64.ActiveCfg = Release|x64
		{60C9BBC7-68FA-4AEF-9742-5314C13C442E}.Ad-Hoc|x64.Build.0 = Release|x64
		{60C9BBC7-68FA-4AEF-9742-5314C13C442E}.Ad-Hoc|x64.Deploy.0 = Release|x64
		{60C9BBC7-68FA-4AEF-9742-5314C13C442E}.Ad-Hoc|x86.ActiveCfg = Release|x86
		{60C9BBC7-68FA-4AEF-9742-5314C13C442E}.Ad-Hoc|x86.Build.0 = Release|x86
		{60C9BBC7-68FA-4AEF-9742-5314C13C442E}.Ad-Hoc|x86.Deploy.0 = Release|x86
		{60C9BBC7-68FA-4AEF-9742-5314C13C442E}.AppStore|Any CPU.ActiveCfg = Release|x86
		{60C9BBC7-68FA-4AEF-9742-5314C13C442E}.AppStore|Any CPU.Build.0 = Release|x86
		{60C9BBC7-68FA-4AEF-9742-5314C13C442E}.AppStore|Any CPU.Deploy.0 = Release|x86
		{60C9BBC7-68FA-4AEF-9742-5314C13C442E}.AppStore|ARM.ActiveCfg = Release|ARM
		{60C9BBC7-68FA-4AEF-9742-5314C13C442E}.AppStore|ARM.Build.0 = Release|ARM
		{60C9BBC7-68FA-4AEF-9742-5314C13C442E}.AppStore|ARM.Deploy.0 = Release|ARM
		{60C9BBC7-68FA-4AEF-9742-5314C13C442E}.AppStore|iPhone.ActiveCfg = Release|x86
		{60C9BBC7-68FA-4AEF-9742-5314C13C442E}.AppStore|iPhone.Build.0 = Release|x86
		{60C9BBC7-68FA-4AEF-9742-5314C13C442E}.AppStore|iPhone.Deploy.0 = Release|x86
		{60C9BBC7-68FA-4AEF-9742-5314C13C442E}.AppStore|iPhoneSimulator.ActiveCfg = Release|x86
		{60C9BBC7-68FA-4AEF-9742-5314C13C442E}.AppStore|iPhoneSimulator.Build.0 = Release|x86
		{60C9BBC7-68FA-4AEF-9742-5314C13C442E}.AppStore|iPhoneSimulator.Deploy.0 = Release|x86
		{60C9BBC7-68FA-4AEF-9742-5314C13C442E}.AppStore|x64.ActiveCfg = Release|x64
		{60C9BBC7-68FA-4AEF-9742-5314C13C442E}.AppStore|x64.Build.0 = Release|x64
		{60C9BBC7-68FA-4AEF-9742-5314C13C442E}.AppStore|x64.Deploy.0 = Release|x64
		{60C9BBC7-68FA-4AEF-9742-5314C13C442E}.AppStore|x86.ActiveCfg = Release|x86
		{60C9BBC7-68FA-4AEF-9742-5314C13C442E}.AppStore|x86.Build.0 = Release|x86
		{60C9BBC7-68FA-4AEF-9742-5314C13C442E}.AppStore|x86.Deploy.0 = Release|x86
		{60C9BBC7-68FA-4AEF-9742-5314C13C442E}.Debug|Any CPU.ActiveCfg = Debug|x86
		{60C9BBC7-68FA-4AEF-9742-5314C13C442E}.Debug|ARM.ActiveCfg = Debug|ARM
		{60C9BBC7-68FA-4AEF-9742-5314C13C442E}.Debug|ARM.Build.0 = Debug|ARM
		{60C9BBC7-68FA-4AEF-9742-5314C13C442E}.Debug|ARM.Deploy.0 = Debug|ARM
		{60C9BBC7-68FA-4AEF-9742-5314C13C442E}.Debug|iPhone.ActiveCfg = Debug|x86
		{60C9BBC7-68FA-4AEF-9742-5314C13C442E}.Debug|iPhoneSimulator.ActiveCfg = Debug|x86
		{60C9BBC7-68FA-4AEF-9742-5314C13C442E}.Debug|x64.ActiveCfg = Debug|x64
		{60C9BBC7-68FA-4AEF-9742-5314C13C442E}.Debug|x64.Build.0 = Debug|x64
		{60C9BBC7-68FA-4AEF-9742-5314C13C442E}.Debug|x64.Deploy.0 = Debug|x64
		{60C9BBC7-68FA-4AEF-9742-5314C13C442E}.Debug|x86.ActiveCfg = Debug|x86
		{60C9BBC7-68FA-4AEF-9742-5314C13C442E}.Debug|x86.Build.0 = Debug|x86
		{60C9BBC7-68FA-4AEF-9742-5314C13C442E}.Debug|x86.Deploy.0 = Debug|x86
		{60C9BBC7-68FA-4AEF-9742-5314C13C442E}.Release|Any CPU.ActiveCfg = Release|x86
		{60C9BBC7-68FA-4AEF-9742-5314C13C442E}.Release|ARM.ActiveCfg = Release|ARM
		{60C9BBC7-68FA-4AEF-9742-5314C13C442E}.Release|ARM.Build.0 = Release|ARM
		{60C9BBC7-68FA-4AEF-9742-5314C13C442E}.Release|ARM.Deploy.0 = Release|ARM
		{60C9BBC7-68FA-4AEF-9742-5314C13C442E}.Release|iPhone.ActiveCfg = Release|x86
		{60C9BBC7-68FA-4AEF-9742-5314C13C442E}.Release|iPhoneSimulator.ActiveCfg = Release|x86
		{60C9BBC7-68FA-4AEF-9742-5314C13C442E}.Release|x64.ActiveCfg = Release|x64
		{60C9BBC7-68FA-4AEF-9742-5314C13C442E}.Release|x64.Build.0 = Release|x64
		{60C9BBC7-68FA-4AEF-9742-5314C13C442E}.Release|x64.Deploy.0 = Release|x64
		{60C9BBC7-68FA-4AEF-9742-5314C13C442E}.Release|x86.ActiveCfg = Release|x86
		{60C9BBC7-68FA-4AEF-9742-5314C13C442E}.Release|x86.Build.0 = Release|x86
		{60C9BBC7-68FA-4AEF-9742-5314C13C442E}.Release|x86.Deploy.0 = Release|x86
		{A6AE31D0-66ED-46D5-8A0A-23907C1F04DE}.Ad-Hoc|Any CPU.ActiveCfg = Release|Any CPU
		{A6AE31D0-66ED-46D5-8A0A-23907C1F04DE}.Ad-Hoc|Any CPU.Build.0 = Release|Any CPU
		{A6AE31D0-66ED-46D5-8A0A-23907C1F04DE}.Ad-Hoc|ARM.ActiveCfg = Release|Any CPU
		{A6AE31D0-66ED-46D5-8A0A-23907C1F04DE}.Ad-Hoc|ARM.Build.0 = Release|Any CPU
		{A6AE31D0-66ED-46D5-8A0A-23907C1F04DE}.Ad-Hoc|iPhone.ActiveCfg = Release|Any CPU
		{A6AE31D0-66ED-46D5-8A0A-23907C1F04DE}.Ad-Hoc|iPhone.Build.0 = Release|Any CPU
		{A6AE31D0-66ED-46D5-8A0A-23907C1F04DE}.Ad-Hoc|iPhoneSimulator.ActiveCfg = Release|Any CPU
		{A6AE31D0-66ED-46D5-8A0A-23907C1F04DE}.Ad-Hoc|iPhoneSimulator.Build.0 = Release|Any CPU
		{A6AE31D0-66ED-46D5-8A0A-23907C1F04DE}.Ad-Hoc|x64.ActiveCfg = Release|Any CPU
		{A6AE31D0-66ED-46D5-8A0A-23907C1F04DE}.Ad-Hoc|x64.Build.0 = Release|Any CPU
		{A6AE31D0-66ED-46D5-8A0A-23907C1F04DE}.Ad-Hoc|x86.ActiveCfg = Release|Any CPU
		{A6AE31D0-66ED-46D5-8A0A-23907C1F04DE}.Ad-Hoc|x86.Build.0 = Release|Any CPU
		{A6AE31D0-66ED-46D5-8A0A-23907C1F04DE}.AppStore|Any CPU.ActiveCfg = Release|Any CPU
		{A6AE31D0-66ED-46D5-8A0A-23907C1F04DE}.AppStore|Any CPU.Build.0 = Release|Any CPU
		{A6AE31D0-66ED-46D5-8A0A-23907C1F04DE}.AppStore|ARM.ActiveCfg = Release|Any CPU
		{A6AE31D0-66ED-46D5-8A0A-23907C1F04DE}.AppStore|ARM.Build.0 = Release|Any CPU
		{A6AE31D0-66ED-46D5-8A0A-23907C1F04DE}.AppStore|iPhone.ActiveCfg = Release|Any CPU
		{A6AE31D0-66ED-46D5-8A0A-23907C1F04DE}.AppStore|iPhone.Build.0 = Release|Any CPU
		{A6AE31D0-66ED-46D5-8A0A-23907C1F04DE}.AppStore|iPhoneSimulator.ActiveCfg = Release|Any CPU
		{A6AE31D0-66ED-46D5-8A0A-23907C1F04DE}.AppStore|iPhoneSimulator.Build.0 = Release|Any CPU
		{A6AE31D0-66ED-46D5-8A0A-23907C1F04DE}.AppStore|x64.ActiveCfg = Release|Any CPU
		{A6AE31D0-66ED-46D5-8A0A-23907C1F04DE}.AppStore|x64.Build.0 = Release|Any CPU
		{A6AE31D0-66ED-46D5-8A0A-23907C1F04DE}.AppStore|x86.ActiveCfg = Release|Any CPU
		{A6AE31D0-66ED-46D5-8A0A-23907C1F04DE}.AppStore|x86.Build.0 = Release|Any CPU
		{A6AE31D0-66ED-46D5-8A0A-23907C1F04DE}.Debug|Any CPU.ActiveCfg = Debug|Any CPU
		{A6AE31D0-66ED-46D5-8A0A-23907C1F04DE}.Debug|Any CPU.Build.0 = Debug|Any CPU
		{A6AE31D0-66ED-46D5-8A0A-23907C1F04DE}.Debug|ARM.ActiveCfg = Debug|Any CPU
		{A6AE31D0-66ED-46D5-8A0A-23907C1F04DE}.Debug|ARM.Build.0 = Debug|Any CPU
		{A6AE31D0-66ED-46D5-8A0A-23907C1F04DE}.Debug|iPhone.ActiveCfg = Debug|Any CPU
		{A6AE31D0-66ED-46D5-8A0A-23907C1F04DE}.Debug|iPhone.Build.0 = Debug|Any CPU
		{A6AE31D0-66ED-46D5-8A0A-23907C1F04DE}.Debug|iPhoneSimulator.ActiveCfg = Debug|Any CPU
		{A6AE31D0-66ED-46D5-8A0A-23907C1F04DE}.Debug|iPhoneSimulator.Build.0 = Debug|Any CPU
		{A6AE31D0-66ED-46D5-8A0A-23907C1F04DE}.Debug|x64.ActiveCfg = Debug|Any CPU
		{A6AE31D0-66ED-46D5-8A0A-23907C1F04DE}.Debug|x64.Build.0 = Debug|Any CPU
		{A6AE31D0-66ED-46D5-8A0A-23907C1F04DE}.Debug|x86.ActiveCfg = Debug|Any CPU
		{A6AE31D0-66ED-46D5-8A0A-23907C1F04DE}.Debug|x86.Build.0 = Debug|Any CPU
		{A6AE31D0-66ED-46D5-8A0A-23907C1F04DE}.Release|Any CPU.ActiveCfg = Release|Any CPU
		{A6AE31D0-66ED-46D5-8A0A-23907C1F04DE}.Release|Any CPU.Build.0 = Release|Any CPU
		{A6AE31D0-66ED-46D5-8A0A-23907C1F04DE}.Release|ARM.ActiveCfg = Release|Any CPU
		{A6AE31D0-66ED-46D5-8A0A-23907C1F04DE}.Release|ARM.Build.0 = Release|Any CPU
		{A6AE31D0-66ED-46D5-8A0A-23907C1F04DE}.Release|iPhone.ActiveCfg = Release|Any CPU
		{A6AE31D0-66ED-46D5-8A0A-23907C1F04DE}.Release|iPhone.Build.0 = Release|Any CPU
		{A6AE31D0-66ED-46D5-8A0A-23907C1F04DE}.Release|iPhoneSimulator.ActiveCfg = Release|Any CPU
		{A6AE31D0-66ED-46D5-8A0A-23907C1F04DE}.Release|iPhoneSimulator.Build.0 = Release|Any CPU
		{A6AE31D0-66ED-46D5-8A0A-23907C1F04DE}.Release|x64.ActiveCfg = Release|Any CPU
		{A6AE31D0-66ED-46D5-8A0A-23907C1F04DE}.Release|x64.Build.0 = Release|Any CPU
		{A6AE31D0-66ED-46D5-8A0A-23907C1F04DE}.Release|x86.ActiveCfg = Release|Any CPU
		{A6AE31D0-66ED-46D5-8A0A-23907C1F04DE}.Release|x86.Build.0 = Release|Any CPU
		{161A483A-F165-4843-AD94-C561DB18BE14}.Ad-Hoc|Any CPU.ActiveCfg = Release|Any CPU
		{161A483A-F165-4843-AD94-C561DB18BE14}.Ad-Hoc|Any CPU.Build.0 = Release|Any CPU
		{161A483A-F165-4843-AD94-C561DB18BE14}.Ad-Hoc|ARM.ActiveCfg = Release|Any CPU
		{161A483A-F165-4843-AD94-C561DB18BE14}.Ad-Hoc|ARM.Build.0 = Release|Any CPU
		{161A483A-F165-4843-AD94-C561DB18BE14}.Ad-Hoc|iPhone.ActiveCfg = Release|Any CPU
		{161A483A-F165-4843-AD94-C561DB18BE14}.Ad-Hoc|iPhone.Build.0 = Release|Any CPU
		{161A483A-F165-4843-AD94-C561DB18BE14}.Ad-Hoc|iPhoneSimulator.ActiveCfg = Release|Any CPU
		{161A483A-F165-4843-AD94-C561DB18BE14}.Ad-Hoc|iPhoneSimulator.Build.0 = Release|Any CPU
		{161A483A-F165-4843-AD94-C561DB18BE14}.Ad-Hoc|x64.ActiveCfg = Release|Any CPU
		{161A483A-F165-4843-AD94-C561DB18BE14}.Ad-Hoc|x64.Build.0 = Release|Any CPU
		{161A483A-F165-4843-AD94-C561DB18BE14}.Ad-Hoc|x86.ActiveCfg = Release|Any CPU
		{161A483A-F165-4843-AD94-C561DB18BE14}.Ad-Hoc|x86.Build.0 = Release|Any CPU
		{161A483A-F165-4843-AD94-C561DB18BE14}.AppStore|Any CPU.ActiveCfg = Release|Any CPU
		{161A483A-F165-4843-AD94-C561DB18BE14}.AppStore|Any CPU.Build.0 = Release|Any CPU
		{161A483A-F165-4843-AD94-C561DB18BE14}.AppStore|ARM.ActiveCfg = Release|Any CPU
		{161A483A-F165-4843-AD94-C561DB18BE14}.AppStore|ARM.Build.0 = Release|Any CPU
		{161A483A-F165-4843-AD94-C561DB18BE14}.AppStore|iPhone.ActiveCfg = Release|Any CPU
		{161A483A-F165-4843-AD94-C561DB18BE14}.AppStore|iPhone.Build.0 = Release|Any CPU
		{161A483A-F165-4843-AD94-C561DB18BE14}.AppStore|iPhoneSimulator.ActiveCfg = Release|Any CPU
		{161A483A-F165-4843-AD94-C561DB18BE14}.AppStore|iPhoneSimulator.Build.0 = Release|Any CPU
		{161A483A-F165-4843-AD94-C561DB18BE14}.AppStore|x64.ActiveCfg = Release|Any CPU
		{161A483A-F165-4843-AD94-C561DB18BE14}.AppStore|x64.Build.0 = Release|Any CPU
		{161A483A-F165-4843-AD94-C561DB18BE14}.AppStore|x86.ActiveCfg = Release|Any CPU
		{161A483A-F165-4843-AD94-C561DB18BE14}.AppStore|x86.Build.0 = Release|Any CPU
		{161A483A-F165-4843-AD94-C561DB18BE14}.Debug|Any CPU.ActiveCfg = Debug|Any CPU
		{161A483A-F165-4843-AD94-C561DB18BE14}.Debug|Any CPU.Build.0 = Debug|Any CPU
		{161A483A-F165-4843-AD94-C561DB18BE14}.Debug|ARM.ActiveCfg = Debug|Any CPU
		{161A483A-F165-4843-AD94-C561DB18BE14}.Debug|ARM.Build.0 = Debug|Any CPU
		{161A483A-F165-4843-AD94-C561DB18BE14}.Debug|iPhone.ActiveCfg = Debug|Any CPU
		{161A483A-F165-4843-AD94-C561DB18BE14}.Debug|iPhone.Build.0 = Debug|Any CPU
		{161A483A-F165-4843-AD94-C561DB18BE14}.Debug|iPhoneSimulator.ActiveCfg = Debug|Any CPU
		{161A483A-F165-4843-AD94-C561DB18BE14}.Debug|iPhoneSimulator.Build.0 = Debug|Any CPU
		{161A483A-F165-4843-AD94-C561DB18BE14}.Debug|x64.ActiveCfg = Debug|Any CPU
		{161A483A-F165-4843-AD94-C561DB18BE14}.Debug|x64.Build.0 = Debug|Any CPU
		{161A483A-F165-4843-AD94-C561DB18BE14}.Debug|x86.ActiveCfg = Debug|Any CPU
		{161A483A-F165-4843-AD94-C561DB18BE14}.Debug|x86.Build.0 = Debug|Any CPU
		{161A483A-F165-4843-AD94-C561DB18BE14}.Release|Any CPU.ActiveCfg = Release|Any CPU
		{161A483A-F165-4843-AD94-C561DB18BE14}.Release|Any CPU.Build.0 = Release|Any CPU
		{161A483A-F165-4843-AD94-C561DB18BE14}.Release|ARM.ActiveCfg = Release|Any CPU
		{161A483A-F165-4843-AD94-C561DB18BE14}.Release|ARM.Build.0 = Release|Any CPU
		{161A483A-F165-4843-AD94-C561DB18BE14}.Release|iPhone.ActiveCfg = Release|Any CPU
		{161A483A-F165-4843-AD94-C561DB18BE14}.Release|iPhone.Build.0 = Release|Any CPU
		{161A483A-F165-4843-AD94-C561DB18BE14}.Release|iPhoneSimulator.ActiveCfg = Release|Any CPU
		{161A483A-F165-4843-AD94-C561DB18BE14}.Release|iPhoneSimulator.Build.0 = Release|Any CPU
		{161A483A-F165-4843-AD94-C561DB18BE14}.Release|x64.ActiveCfg = Release|Any CPU
		{161A483A-F165-4843-AD94-C561DB18BE14}.Release|x64.Build.0 = Release|Any CPU
		{161A483A-F165-4843-AD94-C561DB18BE14}.Release|x86.ActiveCfg = Release|Any CPU
		{161A483A-F165-4843-AD94-C561DB18BE14}.Release|x86.Build.0 = Release|Any CPU
	EndGlobalSection
	GlobalSection(SolutionProperties) = preSolution
		HideSolutionNode = FALSE
	EndGlobalSection
EndGlobal
